{
  "name": "@koa-framework/koa-schema-validate",
  "version": "0.3.0",
  "lockfileVersion": 1,
  "requires": true,
  "dependencies": {
    "@luobotang/schema-validate": {
      "version": "0.1.2",
      "resolved": "https://registry.npmjs.org/@luobotang/schema-validate/-/schema-validate-0.1.2.tgz",
      "integrity": "sha512-D8uuVAyrNxM3qVeBs1Qv3fAZVII8VtaNPwJM58TUlbvo9uyky+5mWyFT8AP7D8ZfKEJKvRA5m8RzWbgFVu8kwA=="
    }
  }
}
