{
  "name": "@koa-framework/koa-schema-validate",
  "version": "0.3.3",
  "lockfileVersion": 1,
  "requires": true,
  "dependencies": {
    "@luobotang/schema-validate": {
      "version": "0.1.5",
      "resolved": "https://registry.npmjs.org/@luobotang/schema-validate/-/schema-validate-0.1.5.tgz",
      "integrity": "sha512-ld5J4h3afjmRSr+Wmlp1TtvXIUEF2j8dfVnAZE2ygOyVT724NHj8S8PbA8GTgEV+GqpUCPx1hrySvc47FUjOdA=="
    }
  }
}
