{
  "name": "@koa-framework/koa-compress",
  "version": "0.3.0",
  "lockfileVersion": 1,
  "requires": true,
  "dependencies": {
    "bytes": {
      "version": "3.1.0",
      "resolved": "https://registry.npmjs.org/bytes/-/bytes-3.1.0.tgz",
      "integrity": "sha512-zauLjrfCG+xvoyaqLoV8bLVXXNGC4JqlxFCutSDWA6fJrTo2ZuvLYTqZ7aHBLZSMOopbzwv8f+wZcVzfVTI2Dg=="
    },
    "compressible": {
      "version": "2.0.17",
      "resolved": "https://registry.npmjs.org/compressible/-/compressible-2.0.17.tgz",
      "integrity": "sha512-BGHeLCK1GV7j1bSmQQAi26X+GgWcTjLr/0tzSvMCl3LH1w1IJ4PFSPoV5316b30cneTziC+B1a+3OjoSUcQYmw==",
      "requires": {
        "mime-db": ">= 1.40.0 < 2"
      }
    },
    "koa-compress": {
      "version": "3.0.0",
      "resolved": "https://registry.npmjs.org/koa-compress/-/koa-compress-3.0.0.tgz",
      "integrity": "sha512-xol+LkNB1mozKJkB5Kj6nYXbJXhkLkZlXl9BsGBPjujVfZ8MsIXwU4GHRTT7TlSfUcl2DU3JtC+j6wOWcovfuQ==",
      "requires": {
        "bytes": "^3.0.0",
        "compressible": "^2.0.0",
        "koa-is-json": "^1.0.0",
        "statuses": "^1.0.0"
      }
    },
    "koa-is-json": {
      "version": "1.0.0",
      "resolved": "https://registry.npmjs.org/koa-is-json/-/koa-is-json-1.0.0.tgz",
      "integrity": "sha1-JzwH7c3Ljfaiwat9We52SRRR7BQ="
    },
    "mime-db": {
      "version": "1.42.0",
      "resolved": "https://registry.npmjs.org/mime-db/-/mime-db-1.42.0.tgz",
      "integrity": "sha512-UbfJCR4UAVRNgMpfImz05smAXK7+c+ZntjaA26ANtkXLlOe947Aag5zdIcKQULAiF9Cq4WxBi9jUs5zkA84bYQ=="
    },
    "statuses": {
      "version": "1.5.0",
      "resolved": "https://registry.npmjs.org/statuses/-/statuses-1.5.0.tgz",
      "integrity": "sha1-Fhx9rBd2Wf2YEfQ3cfqZOBR4Yow="
    }
  }
}
