{
  "name": "@koa-framework/koa-nos",
  "version": "0.3.0",
  "lockfileVersion": 1,
  "requires": true,
  "dependencies": {
    "@xgheaven/nos-node-sdk": {
      "version": "0.2.5",
      "resolved": "https://registry.npmjs.org/@xgheaven/nos-node-sdk/-/nos-node-sdk-0.2.5.tgz",
      "integrity": "sha512-9ca8d0Eg9pmHaelBRaXuPkPreH2hnznPfLtJ3PG7BzHI7ac/AoY6rEwzAufUrPJtrJplAyILtRw6t0KmmLKr9A==",
      "requires": {
        "date-fns": "^1.29.0",
        "fast-xml-parser": "^3.12.0",
        "mime": "^2.3.1",
        "node-fetch": "^2.2.0",
        "ramda": "^0.25.0",
        "ramda-adjunct": "^2.9.0"
      }
    },
    "date-fns": {
      "version": "1.30.1",
      "resolved": "https://registry.npmjs.org/date-fns/-/date-fns-1.30.1.tgz",
      "integrity": "sha512-hBSVCvSmWC+QypYObzwGOd9wqdDpOt+0wl0KbU+R+uuZBS1jN8VsD1ss3irQDknRj5NvxiTF6oj/nDRnN/UQNw=="
    },
    "fast-xml-parser": {
      "version": "3.14.0",
      "resolved": "https://registry.npmjs.org/fast-xml-parser/-/fast-xml-parser-3.14.0.tgz",
      "integrity": "sha512-3SzQnPNtMVqaBVDzYqYt0BTaaLwkd45wTbsUsH1eiE9dnyc4b8mYcm1Q0Rcx9AWkeTj5UZFTTm55Io5yVWS1tg=="
    },
    "mime": {
      "version": "2.4.4",
      "resolved": "https://registry.npmjs.org/mime/-/mime-2.4.4.tgz",
      "integrity": "sha512-LRxmNwziLPT828z+4YkNzloCFC2YM4wrB99k+AV5ZbEyfGNWfG8SO1FUXLmLDBSo89NrJZ4DIWeLjy1CHGhMGA=="
    },
    "node-fetch": {
      "version": "2.6.1",
      "resolved": "https://registry.npmjs.org/node-fetch/-/node-fetch-2.6.1.tgz",
      "integrity": "sha512-V4aYg89jEoVRxRb2fJdAg8FHvI7cEyYdVAh94HH0UIK8oJxUfkjlDQN9RbMx+bEjP7+ggMiFRprSti032Oipxw=="
    },
    "ramda": {
      "version": "0.25.0",
      "resolved": "https://registry.npmjs.org/ramda/-/ramda-0.25.0.tgz",
      "integrity": "sha512-GXpfrYVPwx3K7RQ6aYT8KPS8XViSXUVJT1ONhoKPE9VAleW42YE+U+8VEyGWt41EnEQW7gwecYJriTI0pKoecQ=="
    },
    "ramda-adjunct": {
      "version": "2.22.1",
      "resolved": "https://registry.npmjs.org/ramda-adjunct/-/ramda-adjunct-2.22.1.tgz",
      "integrity": "sha512-htrHlvTbJ3CFK7Nohutx6v6eZxEbn6y9/pcRSPUyqI7f5ksZc4MOO0scyb0a/ZgOyvQrPJ8M0j0zxF/6ZuJAgQ=="
    }
  }
}
